
Microsoft Visual Studio Solution File, Format Version 12.00
# Visual Studio 15
VisualStudioVersion = 15.0.28307.1062
MinimumVisualStudioVersion = 10.0.40219.1
Project("{FAE04EC0-301F-11D3-BF4B-00C04F79EFBC}") = "SimpleCrawler", "Homework_2020.4.17\SimpleCrawler.csproj", "{A972775A-9683-4078-AAC4-267562C07E78}"
EndProject
Project("{FAE04EC0-301F-11D3-BF4B-00C04F79EFBC}") = "Homework_2020.4.24Tests", "Homework_2020.4.17Tests\Homework_2020.4.24Tests.csproj", "{F6B62C3B-0693-42E7-AF99-5DC3F9499E48}"
EndProject
Project("{FAE04EC0-301F-11D3-BF4B-00C04F79EFBC}") = "WinForm", "WinForm\WinForm.csproj", "{1C39C45D-6E3E-44FF-893C-7B88E596C551}"
EndProject
Global
	GlobalSection(SolutionConfigurationPlatforms) = preSolution
		Debug|Any CPU = Debug|Any CPU
		Release|Any CPU = Release|Any CPU
	EndGlobalSection
	GlobalSection(ProjectConfigurationPlatforms) = postSolution
		{A972775A-9683-4078-AAC4-267562C07E78}.Debug|Any CPU.ActiveCfg = Debug|Any CPU
		{A972775A-9683-4078-AAC4-267562C07E78}.Debug|Any CPU.Build.0 = Debug|Any CPU
		{A972775A-9683-4078-AAC4-267562C07E78}.Release|Any CPU.ActiveCfg = Release|Any CPU
		{A972775A-9683-4078-AAC4-267562C07E78}.Release|Any CPU.Build.0 = Release|Any CPU
		{F6B62C3B-0693-42E7-AF99-5DC3F9499E48}.Debug|Any CPU.ActiveCfg = Debug|Any CPU
		{F6B62C3B-0693-42E7-AF99-5DC3F9499E48}.Debug|Any CPU.Build.0 = Debug|Any CPU
		{F6B62C3B-0693-42E7-AF99-5DC3F9499E48}.Release|Any CPU.ActiveCfg = Release|Any CPU
		{F6B62C3B-0693-42E7-AF99-5DC3F9499E48}.Release|Any CPU.Build.0 = Release|Any CPU
		{1C39C45D-6E3E-44FF-893C-7B88E596C551}.Debug|Any CPU.ActiveCfg = Debug|Any CPU
		{1C39C45D-6E3E-44FF-893C-7B88E596C551}.Debug|Any CPU.Build.0 = Debug|Any CPU
		{1C39C45D-6E3E-44FF-893C-7B88E596C551}.Release|Any CPU.ActiveCfg = Release|Any CPU
		{1C39C45D-6E3E-44FF-893C-7B88E596C551}.Release|Any CPU.Build.0 = Release|Any CPU
	EndGlobalSection
	GlobalSection(SolutionProperties) = preSolution
		HideSolutionNode = FALSE
	EndGlobalSection
	GlobalSection(ExtensibilityGlobals) = postSolution
		SolutionGuid = {42FCCD21-4DC9-4C71-AF95-E4FE723D1E81}
	EndGlobalSection
EndGlobal
